version = 1
revision = 2
requires-python = ">=3.8"
resolution-markers = [
    "python_full_version >= '3.10'",
    "python_full_version == '3.9.*'",
    "python_full_version < '3.9'",
]

[[package]]
name = "annotated-types"
version = "0.7.0"
source = { registry = "https://pypi.org/simple" }
dependencies = [
    { name = "typing-extensions", version = "4.13.2", source = { registry = "https://pypi.org/simple" }, marker = "python_full_version < '3.9'" },
]
sdist = { url = "https://files.pythonhosted.org/packages/ee/67/531ea369ba64dcff5ec9c3402f9f51bf748cec26dde048a2f973a4eea7f5/annotated_types-0.7.0.tar.gz", hash = "sha256:aff07c09a53a08bc8cfccb9c85b05f1aa9a2a6f23728d790723543408344ce89", size = 16081, upload-time = "2024-05-20T21:33:25.928Z" }
wheels = [
    { url = "https://files.pythonhosted.org/packages/78/b6/6307fbef88d9b5ee7421e68d78a9f162e0da4900bc5f5793f6d3d0e34fb8/annotated_types-0.7.0-py3-none-any.whl", hash = "sha256:1f02e8b43a8fbbc3f3e0d4f0f4bfc8131bcb4eebe8849b8e5c773f3a1c582a53", size = 13643, upload-time = "2024-05-20T21:33:24.1Z" },
]

[[package]]
name = "anyio"
version = "3.7.1"
source = { registry = "https://pypi.org/simple" }
dependencies = [
    { name = "exceptiongroup", marker = "python_full_version < '3.11'" },
    { name = "idna" },
    { name = "sniffio" },
]
sdist = { url = "https://files.pythonhosted.org/packages/28/99/2dfd53fd55ce9838e6ff2d4dac20ce58263798bd1a0dbe18b3a9af3fcfce/anyio-3.7.1.tar.gz", hash = "sha256:44a3c9aba0f5defa43261a8b3efb97891f2bd7d804e0e1f56419befa1adfc780", size = 142927, upload-time = "2023-07-05T16:45:02.294Z" }
wheels = [
    { url = "https://files.pythonhosted.org/packages/19/24/44299477fe7dcc9cb58d0a57d5a7588d6af2ff403fdd2d47a246c91a3246/anyio-3.7.1-py3-none-any.whl", hash = "sha256:91dee416e570e92c64041bd18b900d1d6fa78dff7048769ce5ac5ddad004fbb5", size = 80896, upload-time = "2023-07-05T16:44:59.805Z" },
]

[[package]]
name = "click"
version = "8.1.8"
source = { registry = "https://pypi.org/simple" }
resolution-markers = [
    "python_full_version == '3.9.*'",
    "python_full_version < '3.9'",
]
dependencies = [
    { name = "colorama", marker = "python_full_version < '3.10' and sys_platform == 'win32'" },
]
sdist = { url = "https://files.pythonhosted.org/packages/b9/2e/0090cbf739cee7d23781ad4b89a9894a41538e4fcf4c31dcdd705b78eb8b/click-8.1.8.tar.gz", hash = "sha256:ed53c9d8990d83c2a27deae68e4ee337473f6330c040a31d4225c9574d16096a", size = 226593, upload-time = "2024-12-21T18:38:44.339Z" }
wheels = [
    { url = "https://files.pythonhosted.org/packages/7e/d4/7ebdbd03970677812aac39c869717059dbb71a4cfc033ca6e5221787892c/click-8.1.8-py3-none-any.whl", hash = "sha256:63c132bbbed01578a06712a2d1f497bb62d9c1c0d329b7903a866228027263b2", size = 98188, upload-time = "2024-12-21T18:38:41.666Z" },
]

[[package]]
name = "click"
version = "8.2.1"
source = { registry = "https://pypi.org/simple" }
resolution-markers = [
    "python_full_version >= '3.10'",
]
dependencies = [
    { name = "colorama", marker = "python_full_version >= '3.10' and sys_platform == 'win32'" },
]
sdist = { url = "https://files.pythonhosted.org/packages/60/6c/8ca2efa64cf75a977a0d7fac081354553ebe483345c734fb6b6515d96bbc/click-8.2.1.tar.gz", hash = "sha256:27c491cc05d968d271d5a1db13e3b5a184636d9d930f148c50b038f0d0646202", size = 286342, upload-time = "2025-05-20T23:19:49.832Z" }
wheels = [
    { url = "https://files.pythonhosted.org/packages/85/32/10bb5764d90a8eee674e9dc6f4db6a0ab47c8c4d0d83c27f7c39ac415a4d/click-8.2.1-py3-none-any.whl", hash = "sha256:61a3265b914e850b85317d0b3109c7f8cd35a670f963866005d6ef1d5175a12b", size = 102215, upload-time = "2025-05-20T23:19:47.796Z" },
]

[[package]]
name = "colorama"
version = "0.4.6"
source = { registry = "https://pypi.org/simple" }
sdist = { url = "https://files.pythonhosted.org/packages/d8/53/6f443c9a4a8358a93a6792e2acffb9d9d5cb0a5cfd8802644b7b1c9a02e4/colorama-0.4.6.tar.gz", hash = "sha256:08695f5cb7ed6e0531a20572697297273c47b8cae5a63ffc6d6ed5c201be6e44", size = 27697, upload-time = "2022-10-25T02:36:22.414Z" }
wheels = [
    { url = "https://files.pythonhosted.org/packages/d1/d6/3965ed04c63042e047cb6a3e6ed1a63a35087b6a609aa3a15ed8ac56c221/colorama-0.4.6-py2.py3-none-any.whl", hash = "sha256:4f1d9991f5acc0ca119f9d443620b77f9d6b33703e51011c16baf57afb285fc6", size = 25335, upload-time = "2022-10-25T02:36:20.889Z" },
]

[[package]]
name = "exceptiongroup"
version = "1.3.0"
source = { registry = "https://pypi.org/simple" }
dependencies = [
    { name = "typing-extensions", version = "4.13.2", source = { registry = "https://pypi.org/simple" }, marker = "python_full_version < '3.9'" },
    { name = "typing-extensions", version = "4.14.0", source = { registry = "https://pypi.org/simple" }, marker = "python_full_version >= '3.9' and python_full_version < '3.13'" },
]
sdist = { url = "https://files.pythonhosted.org/packages/0b/9f/a65090624ecf468cdca03533906e7c69ed7588582240cfe7cc9e770b50eb/exceptiongroup-1.3.0.tar.gz", hash = "sha256:b241f5885f560bc56a59ee63ca4c6a8bfa46ae4ad651af316d4e81817bb9fd88", size = 29749, upload-time = "2025-05-10T17:42:51.123Z" }
wheels = [
    { url = "https://files.pythonhosted.org/packages/36/f4/c6e662dade71f56cd2f3735141b265c3c79293c109549c1e6933b0651ffc/exceptiongroup-1.3.0-py3-none-any.whl", hash = "sha256:4d111e6e0c13d0644cad6ddaa7ed0261a0b36971f6d23e7ec9b4b9097da78a10", size = 16674, upload-time = "2025-05-10T17:42:49.33Z" },
]

[[package]]
name = "fastapi"
version = "0.104.1"
source = { registry = "https://pypi.org/simple" }
dependencies = [
    { name = "anyio" },
    { name = "pydantic" },
    { name = "starlette" },
    { name = "typing-extensions", version = "4.13.2", source = { registry = "https://pypi.org/simple" }, marker = "python_full_version < '3.9'" },
    { name = "typing-extensions", version = "4.14.0", source = { registry = "https://pypi.org/simple" }, marker = "python_full_version >= '3.9'" },
]
sdist = { url = "https://files.pythonhosted.org/packages/d9/d8/002e0ba7cf848a981b3ee92aaf5aa396c5700b0d7dec5d060031432a87d8/fastapi-0.104.1.tar.gz", hash = "sha256:e5e4540a7c5e1dcfbbcf5b903c234feddcdcd881f191977a1c5dfd917487e7ae", size = 11295150, upload-time = "2023-10-30T10:07:39.105Z" }
wheels = [
    { url = "https://files.pythonhosted.org/packages/f3/4f/0ce34195b63240b6693086496c9bab4ef23999112184399a3e88854c7674/fastapi-0.104.1-py3-none-any.whl", hash = "sha256:752dc31160cdbd0436bb93bad51560b57e525cbb1d4bbf6f4904ceee75548241", size = 92862, upload-time = "2023-10-30T10:07:35.636Z" },
]

[[package]]
name = "h11"
version = "0.16.0"
source = { registry = "https://pypi.org/simple" }
sdist = { url = "https://files.pythonhosted.org/packages/01/ee/02a2c011bdab74c6fb3c75474d40b3052059d95df7e73351460c8588d963/h11-0.16.0.tar.gz", hash = "sha256:4e35b956cf45792e4caa5885e69fba00bdbc6ffafbfa020300e549b208ee5ff1", size = 101250, upload-time = "2025-04-24T03:35:25.427Z" }
wheels = [
    { url = "https://files.pythonhosted.org/packages/04/4b/29cac41a4d98d144bf5f6d33995617b185d14b22401f75ca86f384e87ff1/h11-0.16.0-py3-none-any.whl", hash = "sha256:63cf8bbe7522de3bf65932fda1d9c2772064ffb3dae62d55932da54b31cb6c86", size = 37515, upload-time = "2025-04-24T03:35:24.344Z" },
]

[[package]]
name = "idna"
version = "3.10"
source = { registry = "https://pypi.org/simple" }
sdist = { url = "https://files.pythonhosted.org/packages/f1/70/7703c29685631f5a7590aa73f1f1d3fa9a380e654b86af429e0934a32f7d/idna-3.10.tar.gz", hash = "sha256:12f65c9b470abda6dc35cf8e63cc574b1c52b11df2c86030af0ac09b01b13ea9", size = 190490, upload-time = "2024-09-15T18:07:39.745Z" }
wheels = [
    { url = "https://files.pythonhosted.org/packages/76/c6/c88e154df9c4e1a2a66ccf0005a88dfb2650c1dffb6f5ce603dfbd452ce3/idna-3.10-py3-none-any.whl", hash = "sha256:946d195a0d259cbba61165e88e65941f16e9b36ea6ddb97f00452bae8b1287d3", size = 70442, upload-time = "2024-09-15T18:07:37.964Z" },
]

[[package]]
name = "pydantic"
version = "2.5.0"
source = { registry = "https://pypi.org/simple" }
dependencies = [
    { name = "annotated-types" },
    { name = "pydantic-core" },
    { name = "typing-extensions", version = "4.13.2", source = { registry = "https://pypi.org/simple" }, marker = "python_full_version < '3.9'" },
    { name = "typing-extensions", version = "4.14.0", source = { registry = "https://pypi.org/simple" }, marker = "python_full_version >= '3.9'" },
]
sdist = { url = "https://files.pythonhosted.org/packages/44/07/39d2b5c652a2cfdda6dd4d33a2eae345782f3d5c6e2f7a92c92d5da52b33/pydantic-2.5.0.tar.gz", hash = "sha256:69bd6fb62d2d04b7055f59a396993486a2ee586c43a0b89231ce0000de07627c", size = 677119, upload-time = "2023-11-13T17:17:49.17Z" }
wheels = [
    { url = "https://files.pythonhosted.org/packages/d7/10/ddfb9539a6e55f7dfd6c2b9b81d86fcba2761ba87eeb81f8b1012957dcdc/pydantic-2.5.0-py3-none-any.whl", hash = "sha256:7ce6e766c456ad026fe5712f7bcf036efc34bd5d107b3e669ef7ea01b3a9050c", size = 407491, upload-time = "2023-11-13T17:17:45.239Z" },
]

[[package]]
name = "pydantic-core"
version = "2.14.1"
source = { registry = "https://pypi.org/simple" }
dependencies = [
    { name = "typing-extensions", version = "4.13.2", source = { registry = "https://pypi.org/simple" }, marker = "python_full_version < '3.9'" },
    { name = "typing-extensions", version = "4.14.0", source = { registry = "https://pypi.org/simple" }, marker = "python_full_version >= '3.9'" },
]
sdist = { url = "https://files.pythonhosted.org/packages/a8/f2/0be79498e0f645fff8cd58c0013f4d03e17a54047e703efb30a200a4a9b2/pydantic_core-2.14.1.tar.gz", hash = "sha256:0d82a6ee815388a362885186e431fac84c7a06623bc136f508e9f88261d8cadb", size = 359077, upload-time = "2023-11-09T13:24:55.704Z" }
wheels = [
    { url = "https://files.pythonhosted.org/packages/87/11/0fbdf75a778790626d90f6a345f32481e78cdc8237d85ea802533f34129a/pydantic_core-2.14.1-cp310-cp310-macosx_10_7_x86_64.whl", hash = "sha256:812beca1dcb2b722cccc7e9c620bd972cbc323321194ec2725eab3222e6ac573", size = 1867149, upload-time = "2023-11-09T13:20:33.238Z" },
    { url = "https://files.pythonhosted.org/packages/85/47/306f21170fbfb113d655c295960536a415e5ef3d13c7832501354288d4ca/pydantic_core-2.14.1-cp310-cp310-macosx_11_0_arm64.whl", hash = "sha256:a2ccdc53cb88e51c7d47d74c59630d7be844428f6b8d463055ffad6f0392d8da", size = 1739280, upload-time = "2023-11-09T13:20:36.089Z" },
    { url = "https://files.pythonhosted.org/packages/a8/37/57160a1ddc227637e4d212d319316b44863f6fe4e76d9c8f201439e04c10/pydantic_core-2.14.1-cp310-cp310-manylinux_2_17_aarch64.manylinux2014_aarch64.whl", hash = "sha256:fd937733bf2fe7d6a8bf208c12741f1f730b7bf5636033877767a75093c29b8a", size = 1832174, upload-time = "2023-11-09T13:20:38.349Z" },
    { url = "https://files.pythonhosted.org/packages/d0/1d/aeb398032ddfd403e04f2168723a4274a262ca11598b2b11b54700ea8014/pydantic_core-2.14.1-cp310-cp310-manylinux_2_17_armv7l.manylinux2014_armv7l.whl", hash = "sha256:581bb606a31749a00796f5257947a0968182d7fe91e1dada41f06aeb6bfbc91a", size = 1854011, upload-time = "2023-11-09T13:20:40.19Z" },
    { url = "https://files.pythonhosted.org/packages/c6/68/16e1c6617402d1b52e58fedb6ec77f09783447e7f7d54dfdb61af4c3240f/pydantic_core-2.14.1-cp310-cp310-manylinux_2_17_ppc64le.manylinux2014_ppc64le.whl", hash = "sha256:aadf74a40a7ae49c3c1aa7d32334fe94f4f968e21dd948e301bb4ed431fb2412", size = 2008867, upload-time = "2023-11-09T13:20:42.596Z" },
    { url = "https://files.pythonhosted.org/packages/71/b9/916ff3cac2d6970035d8213aa7e773ca518d0684f7659b425694b522cef6/pydantic_core-2.14.1-cp310-cp310-manylinux_2_17_s390x.manylinux2014_s390x.whl", hash = "sha256:b89821a2c77cc1b8f2c1fc3aacd6a3ecc5df8f7e518dc3f18aef8c4dcf66003d", size = 2940583, upload-time = "2023-11-09T13:20:44.873Z" },
    { url = "https://files.pythonhosted.org/packages/46/f5/b2e3dae75ccae405954e20b47f65493838f7303eb7b7aad39858cd9db0b7/pydantic_core-2.14.1-cp310-cp310-manylinux_2_17_x86_64.manylinux2014_x86_64.whl", hash = "sha256:49ee28d65f506b2858a60745cc974ed005298ebab12693646b97641dd7c99c35", size = 2052348, upload-time = "2023-11-09T13:20:47.111Z" },
    { url = "https://files.pythonhosted.org/packages/3c/fc/7b357141c49fff0251e1876049930a44fca82831e4928915d67f248f46ea/pydantic_core-2.14.1-cp310-cp310-manylinux_2_5_i686.manylinux1_i686.whl", hash = "sha256:97246f896b4df7fd84caa8a75a67abb95f94bc0b547665bf0889e3262b060399", size = 1922665, upload-time = "2023-11-09T13:20:49.359Z" },
    { url = "https://files.pythonhosted.org/packages/d2/7c/3f2da9cdcd2e4c8763ec8b207d6f84529aec1a87a2201d7c9a121e8c75b8/pydantic_core-2.14.1-cp310-cp310-musllinux_1_1_aarch64.whl", hash = "sha256:1185548665bc61bbab0dc78f10c8eafa0db0aa1e920fe9a451b77782b10a65cc", size = 2003948, upload-time = "2023-11-09T13:20:51.99Z" },
    { url = "https://files.pythonhosted.org/packages/f6/55/1724f77a2da3814f62c0c75490c2f618b9f58f089b2b09fee45cdafd3884/pydantic_core-2.14.1-cp310-cp310-musllinux_1_1_x86_64.whl", hash = "sha256:2a7d08b39fac97540fba785fce3b21ee01a81f081a07a4d031efd791da6666f9", size = 2137238, upload-time = "2023-11-09T13:20:54.425Z" },
    { url = "https://files.pythonhosted.org/packages/a2/08/41adf0da4e759a91687d88837c1dcb53fc801117698d519ac7f0314e7eec/pydantic_core-2.14.1-cp310-none-win32.whl", hash = "sha256:0a8c8daf4e3aa3aeb98e3638fc3d58a359738f3d12590b2474c6bb64031a0764", size = 1728626, upload-time = "2023-11-09T13:20:56.081Z" },
    { url = "https://files.pythonhosted.org/packages/c0/80/f01ea5b4520d30286838a152f9d1b9569bf650c46b66723b3bf43ff8253c/pydantic_core-2.14.1-cp310-none-win_amd64.whl", hash = "sha256:4f0788699a92d604f348e9c1ac5e97e304e97127ba8325c7d0af88dcc7d35bd3", size = 1890542, upload-time = "2023-11-09T13:20:58.192Z" },
    { url = "https://files.pythonhosted.org/packages/62/c4/a71176e4ef6fadc364b63cb80116cc8c3dc202269b0c3dbbd246c6e827d8/pydantic_core-2.14.1-cp311-cp311-macosx_10_7_x86_64.whl", hash = "sha256:2be018a84995b6be1bbd40d6064395dbf71592a981169cf154c0885637f5f54a", size = 1863722, upload-time = "2023-11-09T13:21:00.691Z" },
    { url = "https://files.pythonhosted.org/packages/a1/83/716b8dd7529d9c8487b103068bbe12313a2eda7ff609077d006e82a286b8/pydantic_core-2.14.1-cp311-cp311-macosx_11_0_arm64.whl", hash = "sha256:fc3227408808ba7df8e95eb1d8389f4ba2203bed8240b308de1d7ae66d828f24", size = 1739514, upload-time = "2023-11-09T13:21:02.704Z" },
    { url = "https://files.pythonhosted.org/packages/05/3d/dd526b5b28e454c605ad4f39db4fad29c8a7e639cf1556e7383aa884bf53/pydantic_core-2.14.1-cp311-cp311-manylinux_2_17_aarch64.manylinux2014_aarch64.whl", hash = "sha256:42d5d0e9bbb50481a049bd0203224b339d4db04006b78564df2b782e2fd16ebc", size = 1830155, upload-time = "2023-11-09T13:21:04.857Z" },
    { url = "https://files.pythonhosted.org/packages/95/d8/b165ff9787dd2f4d8c25e92e90f6e7cc974c97e0d315ba074424c18315c1/pydantic_core-2.14.1-cp311-cp311-manylinux_2_17_armv7l.manylinux2014_armv7l.whl", hash = "sha256:bc6a4ea9f88a810cb65ccae14404da846e2a02dd5c0ad21dee712ff69d142638", size = 1851645, upload-time = "2023-11-09T13:21:07.373Z" },
    { url = "https://files.pythonhosted.org/packages/25/62/961244e1590b76ea0125c7465adc4bc22b52dbe52d11e91ece46767a9c9f/pydantic_core-2.14.1-cp311-cp311-manylinux_2_17_ppc64le.manylinux2014_ppc64le.whl", hash = "sha256:d312ad20e3c6d179cb97c42232b53111bcd8dcdd5c1136083db9d6bdd489bc73", size = 2006052, upload-time = "2023-11-09T13:21:09.527Z" },
    { url = "https://files.pythonhosted.org/packages/60/e9/2584062aaf1d94d47a958305e02b10d8a8dc65700d1afb8dc91971661a14/pydantic_core-2.14.1-cp311-cp311-manylinux_2_17_s390x.manylinux2014_s390x.whl", hash = "sha256:679cc4e184f213c8227862e57340d12fd4d4d19dc0e3ddb0f653f86f01e90f94", size = 2938897, upload-time = "2023-11-09T13:21:11.634Z" },
    { url = "https://files.pythonhosted.org/packages/9e/bb/574fe50b6834be052db6988cbeae88420b536177d65a77da270d4fdea2bf/pydantic_core-2.14.1-cp311-cp311-manylinux_2_17_x86_64.manylinux2014_x86_64.whl", hash = "sha256:101df420e954966868b8bc992aefed5fa71dd1f2755104da62ee247abab28e2f", size = 2050704, upload-time = "2023-11-09T13:21:14.053Z" },
    { url = "https://files.pythonhosted.org/packages/fa/de/33757f90dd615a14223b8c26b451b4f6ecd1ff4325be54b942a448a6189c/pydantic_core-2.14.1-cp311-cp311-manylinux_2_5_i686.manylinux1_i686.whl", hash = "sha256:c964c0cc443d6c08a2347c0e5c1fc2d85a272dc66c1a6f3cde4fc4843882ada4", size = 1920289, upload-time = "2023-11-09T13:21:16.273Z" },
    { url = "https://files.pythonhosted.org/packages/bf/d6/31e6af2c5d4e30282e73bcfc6215cce632d42ac54de7169910f758e9f833/pydantic_core-2.14.1-cp311-cp311-musllinux_1_1_aarch64.whl", hash = "sha256:8276bbab68a9dbe721da92d19cbc061f76655248fe24fb63969d0c3e0e5755e7", size = 2001567, upload-time = "2023-11-09T13:21:18.496Z" },
    { url = "https://files.pythonhosted.org/packages/83/7a/b3fcfc08b5e0b5d77ba4a6489f23c1c17b03b0ed53c5767c43da30d39111/pydantic_core-2.14.1-cp311-cp311-musllinux_1_1_x86_64.whl", hash = "sha256:12163197fec7c95751a3c71b36dcc1909eed9959f011ffc79cc8170a6a74c826", size = 2134098, upload-time = "2023-11-09T13:21:20.89Z" },
    { url = "https://files.pythonhosted.org/packages/7f/17/8cc269838879844681db0d9e92fcea992158c6f4a880ae1c5f6ea601a3f0/pydantic_core-2.14.1-cp311-none-win32.whl", hash = "sha256:b8ff0302518dcd001bd722bbe342919c29e5066c7eda86828fe08cdc112668b8", size = 1727681, upload-time = "2023-11-09T13:21:22.929Z" },
    { url = "https://files.pythonhosted.org/packages/15/8e/68d3a522ac31e782e3ae95ddc7b4ec4bea0f5c552a98f85abdee6696a607/pydantic_core-2.14.1-cp311-none-win_amd64.whl", hash = "sha256:59fa83873223f856d898452c6162a390af4297756f6ba38493a67533387d85d9", size = 1890264, upload-time = "2023-11-09T13:21:24.903Z" },
    { url = "https://files.pythonhosted.org/packages/e5/3c/39d379089d9cd85b506c4a18f5c68be7efccc9dfaea8edea864f66dd3fe7/pydantic_core-2.14.1-cp311-none-win_arm64.whl", hash = "sha256:798590d38c9381f07c48d13af1f1ef337cebf76ee452fcec5deb04aceced51c7", size = 1850567, upload-time = "2023-11-09T13:21:27.318Z" },
    { url = "https://files.pythonhosted.org/packages/38/e5/f432d1bf9c10a0fe7bf8819ada23c68ccbf1c40ad358dac3abc126d87476/pydantic_core-2.14.1-cp312-cp312-macosx_10_7_x86_64.whl", hash = "sha256:587d75aec9ae50d0d63788cec38bf13c5128b3fc1411aa4b9398ebac884ab179", size = 1856037, upload-time = "2023-11-09T13:21:29.719Z" },
    { url = "https://files.pythonhosted.org/packages/e6/bf/13b52f568786732e807ebabe51739a4d9a2bcce5cb8f182a69b8ef987bc5/pydantic_core-2.14.1-cp312-cp312-macosx_11_0_arm64.whl", hash = "sha256:26242e3593d4929123615bd9365dd86ef79b7b0592d64a96cd11fd83c69c9f34", size = 1710416, upload-time = "2023-11-09T13:21:31.625Z" },
    { url = "https://files.pythonhosted.org/packages/6e/0d/a55c0c257aa605a4cd4376e80665a08f02fb41612d416e654da279b18bc6/pydantic_core-2.14.1-cp312-cp312-manylinux_2_17_aarch64.manylinux2014_aarch64.whl", hash = "sha256:5879ac4791508d8f0eb7dec71ff8521855180688dac0c55f8c99fc4d1a939845", size = 1824883, upload-time = "2023-11-09T13:21:33.405Z" },
    { url = "https://files.pythonhosted.org/packages/4c/59/8903e4324298f6c5a28d8934e6193ea0d4ed687dfc5aa1453ff0f95faf0b/pydantic_core-2.14.1-cp312-cp312-manylinux_2_17_armv7l.manylinux2014_armv7l.whl", hash = "sha256:ad9ea86f5fc50f1b62c31184767fe0cacaa13b54fe57d38898c3776d30602411", size = 1835090, upload-time = "2023-11-09T13:21:35.745Z" },
    { url = "https://files.pythonhosted.org/packages/60/1a/6b90e497c8e8aa1014ccea46d93e420cd4be183058952158f2351ce33e48/pydantic_core-2.14.1-cp312-cp312-manylinux_2_17_ppc64le.manylinux2014_ppc64le.whl", hash = "sha256:102ac85a775e77821943ae38da9634ddd774b37a8d407181b4f7b05cdfb36b55", size = 1997646, upload-time = "2023-11-09T13:21:38.382Z" },
    { url = "https://files.pythonhosted.org/packages/06/8d/023ebb75c8daad8a0d1109948b82237284adb0be86b6fc8c5d54e9683d7a/pydantic_core-2.14.1-cp312-cp312-manylinux_2_17_s390x.manylinux2014_s390x.whl", hash = "sha256:2459cc06572730e079ec1e694e8f68c99d977b40d98748ae72ff11ef21a56b0b", size = 2991445, upload-time = "2023-11-09T13:21:40.459Z" },
    { url = "https://files.pythonhosted.org/packages/4d/85/6300b9bcec95d04903764afb485f2c2343e007a15fa6b7620bba0eb5715d/pydantic_core-2.14.1-cp312-cp312-manylinux_2_17_x86_64.manylinux2014_x86_64.whl", hash = "sha256:217dcbfaf429a9b8f1d54eb380908b9c778e78f31378283b30ba463c21e89d5d", size = 2064902, upload-time = "2023-11-09T13:21:43.097Z" },
    { url = "https://files.pythonhosted.org/packages/fb/e7/b7e0c92bf712429ee627cbcbd15ef68b4330f0b8bcb285eed53553ecd2f4/pydantic_core-2.14.1-cp312-cp312-manylinux_2_5_i686.manylinux1_i686.whl", hash = "sha256:9d59e0d7cdfe8ed1d4fcd28aad09625c715dc18976c7067e37d8a11b06f4be3e", size = 1922668, upload-time = "2023-11-09T13:21:45.131Z" },
    { url = "https://files.pythonhosted.org/packages/1f/c4/5638b9ad1053aeb66384e3a248ef1f37e5fcc0d5695ec9a15e4df81be54d/pydantic_core-2.14.1-cp312-cp312-musllinux_1_1_aarch64.whl", hash = "sha256:e2be646a5155d408e68b560c0553e8a83dc7b9f90ec6e5a2fc3ff216719385db", size = 1999542, upload-time = "2023-11-09T13:21:47.664Z" },
    { url = "https://files.pythonhosted.org/packages/74/20/2389be6093f6ec2e9351fe0f9270b239f039c0da9e4b38cbe06e7f650b1c/pydantic_core-2.14.1-cp312-cp312-musllinux_1_1_x86_64.whl", hash = "sha256:ffba979801e3931a19cd30ed2049450820effe8f152aaa317e2fd93795d318d7", size = 2127246, upload-time = "2023-11-09T13:21:50.209Z" },
    { url = "https://files.pythonhosted.org/packages/f2/47/a0cd42721edf31556006278d34c02f1c45ddf5aa0bbd629824a4412b776f/pydantic_core-2.14.1-cp312-none-win32.whl", hash = "sha256:132b40e479cb5cebbbb681f77aaceabbc8355df16c9124cff1d4060ada83cde2", size = 1738151, upload-time = "2023-11-09T13:21:52.596Z" },
    { url = "https://files.pythonhosted.org/packages/f6/4a/ae0d4c98d97bd042162a9de7cea4b2f655b5876cd0557ff451eedf0778e6/pydantic_core-2.14.1-cp312-none-win_amd64.whl", hash = "sha256:744b807fe2733b6da3b53e8ad93e8b3ea3ee3dfc3abece4dd2824cc1f39aa343", size = 1864110, upload-time = "2023-11-09T13:21:54.632Z" },
    { url = "https://files.pythonhosted.org/packages/7e/9a/3d9f3a750a67cc3d1115c0581280025cadc1cbd55d5c60d1ba80c8de7535/pydantic_core-2.14.1-cp312-none-win_arm64.whl", hash = "sha256:24ba48f9d0b8d64fc5e42e1600366c3d7db701201294989aebdaca23110c02ab", size = 1847510, upload-time = "2023-11-09T13:21:57.252Z" },
    { url = "https://files.pythonhosted.org/packages/3c/98/d5ae391057aa33217d4b95e1eb95d078b79521ed85342d810f6fb2db6f0d/pydantic_core-2.14.1-cp38-cp38-macosx_10_7_x86_64.whl", hash = "sha256:2871daf5b2823bf77bf7d3d43825e5d904030c155affdf84b21a00a2e00821d2", size = 1866685, upload-time = "2023-11-09T13:22:29.41Z" },
    { url = "https://files.pythonhosted.org/packages/6f/ca/4d72347f388441acf79634e911699a672f01fc3c06ca47c9924c5762a5df/pydantic_core-2.14.1-cp38-cp38-macosx_11_0_arm64.whl", hash = "sha256:7977e261cac5f99873dc2c6f044315d09b19a71c4246560e1e67593889a90978", size = 1740018, upload-time = "2023-11-09T13:22:32.143Z" },
    { url = "https://files.pythonhosted.org/packages/cc/a6/e5ffb29d4546de772197acef7b7bfb6350804cbcd2864923300f3620e167/pydantic_core-2.14.1-cp38-cp38-manylinux_2_17_aarch64.manylinux2014_aarch64.whl", hash = "sha256:e5a111f9158555582deadd202a60bd7803b6c68f406391b7cf6905adf0af6811", size = 1831506, upload-time = "2023-11-09T13:22:34.518Z" },
    { url = "https://files.pythonhosted.org/packages/74/87/72f2d2a3402af78c4c727b0e88a396d03f9d14f1ae529dfb8bf60fe6f3a8/pydantic_core-2.14.1-cp38-cp38-manylinux_2_17_armv7l.manylinux2014_armv7l.whl", hash = "sha256:ac417312bf6b7a0223ba73fb12e26b2854c93bf5b1911f7afef6d24c379b22aa", size = 1853900, upload-time = "2023-11-09T13:22:37.068Z" },
    { url = "https://files.pythonhosted.org/packages/43/88/3b81f988dad798e906352db43fd91b28b0173742d393c8f4a25e737fa9a8/pydantic_core-2.14.1-cp38-cp38-manylinux_2_17_ppc64le.manylinux2014_ppc64le.whl", hash = "sha256:c36987f5eb2a7856b5f5feacc3be206b4d1852a6ce799f6799dd9ffb0cba56ae", size = 2007977, upload-time = "2023-11-09T13:22:39.731Z" },
    { url = "https://files.pythonhosted.org/packages/06/ac/fcb76ae8a0731d03a368f22c771293112c81658601a4065eb91e49a11f0a/pydantic_core-2.14.1-cp38-cp38-manylinux_2_17_s390x.manylinux2014_s390x.whl", hash = "sha256:c6e98227eb02623d57e1fd061788837834b68bb995a869565211b9abf3de4bf4", size = 2892769, upload-time = "2023-11-09T13:22:42.164Z" },
    { url = "https://files.pythonhosted.org/packages/32/20/a5b09b0dbda7766d335ea5c2fb78f03140f9b1f835dc7756fabd9e48bb0f/pydantic_core-2.14.1-cp38-cp38-manylinux_2_17_x86_64.manylinux2014_x86_64.whl", hash = "sha256:023b6d7ec4e97890b28eb2ee24413e69a6d48de4e8b75123957edd5432f4eeb3", size = 2038254, upload-time = "2023-11-09T13:22:44.54Z" },
    { url = "https://files.pythonhosted.org/packages/2c/15/b81083c0e25c98cadfd2740fe9eb4f8448e68f1ea1f51847d07e337ee188/pydantic_core-2.14.1-cp38-cp38-manylinux_2_5_i686.manylinux1_i686.whl", hash = "sha256:6015beb28deb5306049ecf2519a59627e9e050892927850a884df6d5672f8c7d", size = 1922835, upload-time = "2023-11-09T13:22:47.099Z" },
    { url = "https://files.pythonhosted.org/packages/56/e5/7cc7af09ffcefab131b690a6082fb55c3697cb5ff6e0709c70572912ebb5/pydantic_core-2.14.1-cp38-cp38-musllinux_1_1_aarch64.whl", hash = "sha256:3f48d4afd973abbd65266ac24b24de1591116880efc7729caf6b6b94a9654c9e", size = 2003925, upload-time = "2023-11-09T13:22:49.45Z" },
    { url = "https://files.pythonhosted.org/packages/b2/94/aeae7277771eb72b620e869a500fd4177fe660e6ae9584b7a91479edf186/pydantic_core-2.14.1-cp38-cp38-musllinux_1_1_x86_64.whl", hash = "sha256:28734bcfb8fc5b03293dec5eb5ea73b32ff767f6ef79a31f6e41dad2f5470270", size = 2136916, upload-time = "2023-11-09T13:22:52.25Z" },
    { url = "https://files.pythonhosted.org/packages/f3/96/aba75269e8f797696a6249ac63b7576e43459828f0170fa612180d069267/pydantic_core-2.14.1-cp38-none-win32.whl", hash = "sha256:3303113fdfaca927ef11e0c5f109e2ec196c404f9d7ba5f8ddb63cdf287ea159", size = 1728782, upload-time = "2023-11-09T13:22:54.535Z" },
    { url = "https://files.pythonhosted.org/packages/ac/8e/237c603ab884c658b27088398e31c612ecb0576602fea006458f7a302588/pydantic_core-2.14.1-cp38-none-win_amd64.whl", hash = "sha256:144f2c1d5579108b6ed1193fcc9926124bd4142b0f7020a7744980d1235c8a40", size = 1890854, upload-time = "2023-11-09T13:22:57.295Z" },
    { url = "https://files.pythonhosted.org/packages/04/6d/c520103a6ca5fea3f5710baf528250ce72a90792d8517ad64ea64505bed5/pydantic_core-2.14.1-cp39-cp39-macosx_10_7_x86_64.whl", hash = "sha256:893bf4fb9bfb9c4639bc12f3de323325ada4c6d60e478d5cded65453e9364890", size = 1866634, upload-time = "2023-11-09T13:23:00.052Z" },
    { url = "https://files.pythonhosted.org/packages/b8/0e/ed7b37666bc87b97ad1c879b0ecc581500dc606e03028398f47185a25e83/pydantic_core-2.14.1-cp39-cp39-macosx_11_0_arm64.whl", hash = "sha256:052d8731aaf844f91fe4cd3faf28983b109a5865b3a256ec550b80a5689ead87", size = 1739823, upload-time = "2023-11-09T13:23:03.171Z" },
    { url = "https://files.pythonhosted.org/packages/70/27/32763e23005cde633449441c199a553c9200eb9c7528430c3daa08338be7/pydantic_core-2.14.1-cp39-cp39-manylinux_2_17_aarch64.manylinux2014_aarch64.whl", hash = "sha256:bb1c6ecb53e4b907ee8486f453dd940b8cbb509946e2b671e3bf807d310a96fc", size = 1831349, upload-time = "2023-11-09T13:23:05.822Z" },
    { url = "https://files.pythonhosted.org/packages/2e/46/b1dc4676a40f48ab14384b81bafbfae8762a7694371901fb4f8600008dfb/pydantic_core-2.14.1-cp39-cp39-manylinux_2_17_armv7l.manylinux2014_armv7l.whl", hash = "sha256:94cf6d0274eb899d39189144dcf52814c67f9b0fd196f211420d9aac793df2da", size = 1853988, upload-time = "2023-11-09T13:23:08.626Z" },
    { url = "https://files.pythonhosted.org/packages/72/fb/04c0866d61c244bebdd8182dbc587fac1dba1c813dd968733aae61897fbc/pydantic_core-2.14.1-cp39-cp39-manylinux_2_17_ppc64le.manylinux2014_ppc64le.whl", hash = "sha256:36c3bf96f803e207a80dbcb633d82b98ff02a9faa76dd446e969424dec8e2b9f", size = 2008012, upload-time = "2023-11-09T13:23:11.016Z" },
    { url = "https://files.pythonhosted.org/packages/52/29/e34061607a868a5955005203152632cd18ec87e498332214d86e66d8af23/pydantic_core-2.14.1-cp39-cp39-manylinux_2_17_s390x.manylinux2014_s390x.whl", hash = "sha256:fb290491f1f0786a7da4585250f1feee200fc17ff64855bdd7c42fb54526fa29", size = 2941466, upload-time = "2023-11-09T13:23:13.846Z" },
    { url = "https://files.pythonhosted.org/packages/b6/ef/6a6493b49f028893667453f84d2223ae4e56f3ebb895dfcfe7093723cabc/pydantic_core-2.14.1-cp39-cp39-manylinux_2_17_x86_64.manylinux2014_x86_64.whl", hash = "sha256:6590ed9d13eb51b28ea17ddcc6c8dbd6050b4eb589d497105f0e13339f223b72", size = 2052137, upload-time = "2023-11-09T13:23:16.073Z" },
    { url = "https://files.pythonhosted.org/packages/c6/da/bde934fe8b128908b0d29bc880fc02f5dd68a86977c96c73eb10f24a3551/pydantic_core-2.14.1-cp39-cp39-manylinux_2_5_i686.manylinux1_i686.whl", hash = "sha256:69cd74e55a5326d920e7b46daa2d81c2bdb8bcf588eafb2330d981297b742ddc", size = 1922734, upload-time = "2023-11-09T13:23:18.574Z" },
    { url = "https://files.pythonhosted.org/packages/85/2b/be28344be46b79b93b4b5214b1fb01072147a973e2fe858b7ee8bf570701/pydantic_core-2.14.1-cp39-cp39-musllinux_1_1_aarch64.whl", hash = "sha256:d965bdb50725a805b083f5f58d05669a85705f50a6a864e31b545c589290ee31", size = 2003980, upload-time = "2023-11-09T13:23:21.902Z" },
    { url = "https://files.pythonhosted.org/packages/8c/4a/cf6a3f5809498cfd836bd798415edcbd78657639fe0b1b3e85d66d81865c/pydantic_core-2.14.1-cp39-cp39-musllinux_1_1_x86_64.whl", hash = "sha256:ca942a2dc066ca5e04c27feaa8dfb9d353ddad14c6641660c565149186095343", size = 2137060, upload-time = "2023-11-09T13:23:24.662Z" },
    { url = "https://files.pythonhosted.org/packages/cd/66/0069fdc8959cbbe3855434e22939aababa027e5d5ace4eeaa2724ee8d7bc/pydantic_core-2.14.1-cp39-none-win32.whl", hash = "sha256:72c2ef3787c3b577e5d6225d73a77167b942d12cef3c1fbd5e74e55b7f881c36", size = 1728581, upload-time = "2023-11-09T13:23:26.843Z" },
    { url = "https://files.pythonhosted.org/packages/58/e2/38b54d3ef3937b62f706a7fd481bd6426a61200dd64dec7cb23703edfea9/pydantic_core-2.14.1-cp39-none-win_amd64.whl", hash = "sha256:55713d155da1e508083c4b08d0b1ad2c3054f68b8ef7eb3d3864822e456f0bb5", size = 1891023, upload-time = "2023-11-09T13:23:29.344Z" },
    { url = "https://files.pythonhosted.org/packages/e3/60/981678a27db6dd91e92a1f15c661f8acbdbb279e2290af95e836caf72afc/pydantic_core-2.14.1-pp310-pypy310_pp73-macosx_10_7_x86_64.whl", hash = "sha256:53efe03cc383a83660cfdda6a3cb40ee31372cedea0fde0b2a2e55e838873ab6", size = 1858301, upload-time = "2023-11-09T13:23:31.682Z" },
    { url = "https://files.pythonhosted.org/packages/1b/a3/dbe5dec5dc78189eb3c29e367bf7559ffc6894477e5b8b046e774405fdfe/pydantic_core-2.14.1-pp310-pypy310_pp73-macosx_11_0_arm64.whl", hash = "sha256:f523e116879bc6714e61d447ce934676473b068069dce6563ea040381dc7a257", size = 1739071, upload-time = "2023-11-09T13:23:34.456Z" },
    { url = "https://files.pythonhosted.org/packages/9e/24/29790038f7e13a74746405c5890a23a932399b21b338538452513b8bfb1d/pydantic_core-2.14.1-pp310-pypy310_pp73-manylinux_2_17_aarch64.manylinux2014_aarch64.whl", hash = "sha256:85bb66d661be51b2cba9ca06759264b3469d2dbb53c3e6effb3f05fec6322be6", size = 1816388, upload-time = "2023-11-09T13:23:37.541Z" },
    { url = "https://files.pythonhosted.org/packages/e4/28/23d2f7be72ba8064d0285266dd226831288231ef2c9e43a1a85460f1b266/pydantic_core-2.14.1-pp310-pypy310_pp73-manylinux_2_5_i686.manylinux1_i686.whl", hash = "sha256:f53a3ccdc30234cb4342cec541e3e6ed87799c7ca552f0b5f44e3967a5fed526", size = 1910932, upload-time = "2023-11-09T13:23:40.071Z" },
    { url = "https://files.pythonhosted.org/packages/3d/57/a299efd9d9865c904fd7627f62a21f5d2d875c701bc02287c5cb052e4662/pydantic_core-2.14.1-pp310-pypy310_pp73-musllinux_1_1_aarch64.whl", hash = "sha256:1bfb63821ada76719ffcd703fc40dd57962e0d8c253e3c565252e6de6d3e0bc6", size = 1991393, upload-time = "2023-11-09T13:23:42.578Z" },
    { url = "https://files.pythonhosted.org/packages/f3/b3/56ab414ca85cb61eac0e1491589505acef187b1192bc1ea9e7fe2441ef47/pydantic_core-2.14.1-pp310-pypy310_pp73-musllinux_1_1_x86_64.whl", hash = "sha256:e2c689439f262c29cf3fcd5364da1e64d8600facecf9eabea8643b8755d2f0de", size = 2123288, upload-time = "2023-11-09T13:23:45.284Z" },
    { url = "https://files.pythonhosted.org/packages/be/01/1ecb49f611b64d67fc2220b42ff1e62e787091167057eb2c2ea5b5ffca76/pydantic_core-2.14.1-pp310-pypy310_pp73-win_amd64.whl", hash = "sha256:a15f6e5588f7afb7f6fc4b0f4ff064749e515d34f34c666ed6e37933873d8ad8", size = 1990103, upload-time = "2023-11-09T13:23:47.837Z" },
    { url = "https://files.pythonhosted.org/packages/48/fb/a84c4712d0420c07692c4859962ce6af34edf518674f5978f493a29f3af4/pydantic_core-2.14.1-pp38-pypy38_pp73-macosx_10_7_x86_64.whl", hash = "sha256:c8c466facec2ccdf025b0b1455b18f2c3d574d5f64d24df905d3d7b8f05d5f4e", size = 1858266, upload-time = "2023-11-09T13:24:05.925Z" },
    { url = "https://files.pythonhosted.org/packages/e5/69/0ab3ac99f8c86566bf5b8662c51ae9bd14e48258ac7ed783006e25b41582/pydantic_core-2.14.1-pp38-pypy38_pp73-macosx_11_0_arm64.whl", hash = "sha256:b91b5ec423e88caa16777094c4b2b97f11453283e7a837e5e5e1b886abba1251", size = 1739045, upload-time = "2023-11-09T13:24:08.387Z" },
    { url = "https://files.pythonhosted.org/packages/2d/e9/b7c17a455f29e714e3a5a419a288db8a648d6c87e4eb09f08d61ce1f8274/pydantic_core-2.14.1-pp38-pypy38_pp73-manylinux_2_17_aarch64.manylinux2014_aarch64.whl", hash = "sha256:130e49aa0cb316f743bc7792c36aefa39fc2221312f1d4b333b19edbdd71f2b1", size = 1816818, upload-time = "2023-11-09T13:24:11.382Z" },
    { url = "https://files.pythonhosted.org/packages/5f/f0/8579be79df2e0b0e466a6ac10586560f07a3b395f0277f76066751521a24/pydantic_core-2.14.1-pp38-pypy38_pp73-manylinux_2_5_i686.manylinux1_i686.whl", hash = "sha256:f483467c046f549572f8aca3b7128829e09ae3a9fe933ea421f7cb7c58120edb", size = 1911333, upload-time = "2023-11-09T13:24:14.064Z" },
    { url = "https://files.pythonhosted.org/packages/06/4a/27eb9f496b2b748299ac02b0e22793841d18c78e25f2ee44e311110ff26f/pydantic_core-2.14.1-pp38-pypy38_pp73-musllinux_1_1_aarch64.whl", hash = "sha256:dee4682bd7947afc682d342a8d65ad1834583132383f8e801601a8698cb8d17a", size = 1991414, upload-time = "2023-11-09T13:24:16.381Z" },
    { url = "https://files.pythonhosted.org/packages/8e/66/928da02b1732bac19896b94f53800b7dc15dc4ab3642068d7f627f96800a/pydantic_core-2.14.1-pp38-pypy38_pp73-musllinux_1_1_x86_64.whl", hash = "sha256:8d927d042c0ef04607ee7822828b208ab045867d20477ec6593d612156798547", size = 2123501, upload-time = "2023-11-09T13:24:19.936Z" },
    { url = "https://files.pythonhosted.org/packages/c1/ca/4ecad289fffcbe40f2c9d06220cac3821da32026ab3eee92e500147ef1f6/pydantic_core-2.14.1-pp38-pypy38_pp73-win_amd64.whl", hash = "sha256:5a1570875eb0d1479fb2270ed80c88c231aaaf68b0c3f114f35e7fb610435e4f", size = 1990200, upload-time = "2023-11-09T13:24:22.928Z" },
    { url = "https://files.pythonhosted.org/packages/c2/e5/cb444cad2bb13481786793d4b34dc04d5f13489aed364de15df4ee8f8efe/pydantic_core-2.14.1-pp39-pypy39_pp73-macosx_10_7_x86_64.whl", hash = "sha256:cb2fd3ab67558eb16aecfb4f2db4febb4d37dc74e6b8613dc2e7160fb58158a9", size = 1858247, upload-time = "2023-11-09T13:24:26.785Z" },
    { url = "https://files.pythonhosted.org/packages/1b/bf/f52ee5585a30433fe8e8c7bf1df2f3f437bed6b3d3d97c62880be3484e37/pydantic_core-2.14.1-pp39-pypy39_pp73-macosx_11_0_arm64.whl", hash = "sha256:a7991f25b98038252363a03e6a9fe92e60fe390fda2631d238dc3b0e396632f8", size = 1739030, upload-time = "2023-11-09T13:24:29.536Z" },
    { url = "https://files.pythonhosted.org/packages/2b/18/ea9a74add03669073071ca79a00b9ba36ad190fc61a19b9b7ff023cc7eba/pydantic_core-2.14.1-pp39-pypy39_pp73-manylinux_2_17_aarch64.manylinux2014_aarch64.whl", hash = "sha256:5b45b7be9f99991405ecd6f6172fb6798908a8097106ae78d5cc5cc15121bad9", size = 1816402, upload-time = "2023-11-09T13:24:37.29Z" },
    { url = "https://files.pythonhosted.org/packages/4c/3f/ee482ce1c06e1b07fbbd936070f6e672e0d2d8d730313622ed0d4dead9bc/pydantic_core-2.14.1-pp39-pypy39_pp73-manylinux_2_5_i686.manylinux1_i686.whl", hash = "sha256:51506e7652a2ef1d1cf763c4b51b972ff4568d1dddc96ca83931a6941f5e6389", size = 1910905, upload-time = "2023-11-09T13:24:44.961Z" },
    { url = "https://files.pythonhosted.org/packages/5c/1f/998166e94677b97164b2a45d25cc30b566a2a71daf497eb2c069b6419e51/pydantic_core-2.14.1-pp39-pypy39_pp73-musllinux_1_1_aarch64.whl", hash = "sha256:66dc0e63349ec39c1ea66622aa5c2c1f84382112afd3ab2fa0cca4fb01f7db39", size = 1991434, upload-time = "2023-11-09T13:24:47.807Z" },
    { url = "https://files.pythonhosted.org/packages/04/83/d62ba619e2fd888d580601ef89af622702c7fb1ebd2cb04bc523c05101bd/pydantic_core-2.14.1-pp39-pypy39_pp73-musllinux_1_1_x86_64.whl", hash = "sha256:8e17f0c3ba4cb07faa0038a59ce162de584ed48ba645c8d05a5de1e40d4c21e7", size = 2123290, upload-time = "2023-11-09T13:24:50.529Z" },
    { url = "https://files.pythonhosted.org/packages/20/87/248a61055f1567161c8944bb839e69f0e79bc8f7deb02c52291b61e1d162/pydantic_core-2.14.1-pp39-pypy39_pp73-win_amd64.whl", hash = "sha256:d983222223f63e323a5f497f5b85e211557a5d8fb670dc88f343784502b466ba", size = 1990172, upload-time = "2023-11-09T13:24:53.14Z" },
]

[[package]]
name = "python-multipart"
version = "0.0.6"
source = { registry = "https://pypi.org/simple" }
sdist = { url = "https://files.pythonhosted.org/packages/2d/23/abcfad10c3348cb6358400f8adbc21b523bbc6c954494fd0974428068672/python_multipart-0.0.6.tar.gz", hash = "sha256:e9925a80bb668529f1b67c7fdb0a5dacdd7cbfc6fb0bff3ea443fe22bdd62132", size = 31024, upload-time = "2023-02-27T16:40:10.091Z" }
wheels = [
    { url = "https://files.pythonhosted.org/packages/b4/ff/b1e11d8bffb5e0e1b6d27f402eeedbeb9be6df2cdbc09356a1ae49806dbf/python_multipart-0.0.6-py3-none-any.whl", hash = "sha256:ee698bab5ef148b0a760751c261902cd096e57e10558e11aca17646b74ee1c18", size = 45711, upload-time = "2023-02-27T16:40:14.113Z" },
]

[[package]]
name = "sniffio"
version = "1.3.1"
source = { registry = "https://pypi.org/simple" }
sdist = { url = "https://files.pythonhosted.org/packages/a2/87/a6771e1546d97e7e041b6ae58d80074f81b7d5121207425c964ddf5cfdbd/sniffio-1.3.1.tar.gz", hash = "sha256:f4324edc670a0f49750a81b895f35c3adb843cca46f0530f79fc1babb23789dc", size = 20372, upload-time = "2024-02-25T23:20:04.057Z" }
wheels = [
    { url = "https://files.pythonhosted.org/packages/e9/44/75a9c9421471a6c4805dbf2356f7c181a29c1879239abab1ea2cc8f38b40/sniffio-1.3.1-py3-none-any.whl", hash = "sha256:2f6da418d1f1e0fddd844478f41680e794e6051915791a034ff65e5f100525a2", size = 10235, upload-time = "2024-02-25T23:20:01.196Z" },
]

[[package]]
name = "starlette"
version = "0.27.0"
source = { registry = "https://pypi.org/simple" }
dependencies = [
    { name = "anyio" },
    { name = "typing-extensions", version = "4.13.2", source = { registry = "https://pypi.org/simple" }, marker = "python_full_version < '3.9'" },
    { name = "typing-extensions", version = "4.14.0", source = { registry = "https://pypi.org/simple" }, marker = "python_full_version == '3.9.*'" },
]
sdist = { url = "https://files.pythonhosted.org/packages/06/68/559bed5484e746f1ab2ebbe22312f2c25ec62e4b534916d41a8c21147bf8/starlette-0.27.0.tar.gz", hash = "sha256:6a6b0d042acb8d469a01eba54e9cda6cbd24ac602c4cd016723117d6a7e73b75", size = 51394, upload-time = "2023-05-16T10:59:56.286Z" }
wheels = [
    { url = "https://files.pythonhosted.org/packages/58/f8/e2cca22387965584a409795913b774235752be4176d276714e15e1a58884/starlette-0.27.0-py3-none-any.whl", hash = "sha256:918416370e846586541235ccd38a474c08b80443ed31c578a418e2209b3eef91", size = 66978, upload-time = "2023-05-16T10:59:53.927Z" },
]

[[package]]
name = "state-management-backend"
version = "0.1.0"
source = { virtual = "." }
dependencies = [
    { name = "fastapi" },
    { name = "pydantic" },
    { name = "python-multipart" },
    { name = "uvicorn" },
]

[package.metadata]
requires-dist = [
    { name = "fastapi", specifier = "==0.104.1" },
    { name = "pydantic", specifier = "==2.5.0" },
    { name = "python-multipart", specifier = "==0.0.6" },
    { name = "uvicorn", specifier = "==0.24.0" },
]

[[package]]
name = "typing-extensions"
version = "4.13.2"
source = { registry = "https://pypi.org/simple" }
resolution-markers = [
    "python_full_version < '3.9'",
]
sdist = { url = "https://files.pythonhosted.org/packages/f6/37/23083fcd6e35492953e8d2aaaa68b860eb422b34627b13f2ce3eb6106061/typing_extensions-4.13.2.tar.gz", hash = "sha256:e6c81219bd689f51865d9e372991c540bda33a0379d5573cddb9a3a23f7caaef", size = 106967, upload-time = "2025-04-10T14:19:05.416Z" }
wheels = [
    { url = "https://files.pythonhosted.org/packages/8b/54/b1ae86c0973cc6f0210b53d508ca3641fb6d0c56823f288d108bc7ab3cc8/typing_extensions-4.13.2-py3-none-any.whl", hash = "sha256:a439e7c04b49fec3e5d3e2beaa21755cadbbdc391694e28ccdd36ca4a1408f8c", size = 45806, upload-time = "2025-04-10T14:19:03.967Z" },
]

[[package]]
name = "typing-extensions"
version = "4.14.0"
source = { registry = "https://pypi.org/simple" }
resolution-markers = [
    "python_full_version >= '3.10'",
    "python_full_version == '3.9.*'",
]
sdist = { url = "https://files.pythonhosted.org/packages/d1/bc/51647cd02527e87d05cb083ccc402f93e441606ff1f01739a62c8ad09ba5/typing_extensions-4.14.0.tar.gz", hash = "sha256:8676b788e32f02ab42d9e7c61324048ae4c6d844a399eebace3d4979d75ceef4", size = 107423, upload-time = "2025-06-02T14:52:11.399Z" }
wheels = [
    { url = "https://files.pythonhosted.org/packages/69/e0/552843e0d356fbb5256d21449fa957fa4eff3bbc135a74a691ee70c7c5da/typing_extensions-4.14.0-py3-none-any.whl", hash = "sha256:a1514509136dd0b477638fc68d6a91497af5076466ad0fa6c338e44e359944af", size = 43839, upload-time = "2025-06-02T14:52:10.026Z" },
]

[[package]]
name = "uvicorn"
version = "0.24.0"
source = { registry = "https://pypi.org/simple" }
dependencies = [
    { name = "click", version = "8.1.8", source = { registry = "https://pypi.org/simple" }, marker = "python_full_version < '3.10'" },
    { name = "click", version = "8.2.1", source = { registry = "https://pypi.org/simple" }, marker = "python_full_version >= '3.10'" },
    { name = "h11" },
    { name = "typing-extensions", version = "4.13.2", source = { registry = "https://pypi.org/simple" }, marker = "python_full_version < '3.9'" },
    { name = "typing-extensions", version = "4.14.0", source = { registry = "https://pypi.org/simple" }, marker = "python_full_version >= '3.9' and python_full_version < '3.11'" },
]
sdist = { url = "https://files.pythonhosted.org/packages/af/c9/dc0b3b6f944271d5f71564c2db08a1879a384cda7100f6f2f71b4ec9b751/uvicorn-0.24.0.tar.gz", hash = "sha256:368d5d81520a51be96431845169c225d771c9dd22a58613e1a181e6c4512ac33", size = 40092, upload-time = "2023-11-04T19:31:11.834Z" }
wheels = [
    { url = "https://files.pythonhosted.org/packages/ed/0c/a9b90a856bbdd75bf71a1dd191af1e9c9ac8a272ed337f7200950c3d3dd4/uvicorn-0.24.0-py3-none-any.whl", hash = "sha256:3d19f13dfd2c2af1bfe34dd0f7155118ce689425fdf931177abe832ca44b8a04", size = 59609, upload-time = "2023-11-04T19:31:09.321Z" },
]
